{
  "_meta": {
    "hash": {
      "sha256": "08dc08db6cb2cb648ee40c4ef7a02bafec4640cc331c5b4090826273a51e08e5"
    },
    "pipfile-spec": 6,
    "requires": {
      "python_version": "3.11"
    },
    "sources": [
      {
        "name": "pypi",
        "url": "https://pypi.org/simple",
        "verify_ssl": true
      }
    ]
  },
  "default": {
    "asgiref": {
      "hashes": [
        "sha256:89b2ef2247e3b562a16eef663bc0e2e703ec6468e2fa8a5cd61cd449786d4f6e",
        "sha256:9e0ce3aa93a819ba5b45120216b23878cf6e8525eb3848653452b4192b92afed"
      ],
      "markers": "python_version >= '3.7'",
      "version": "==3.7.2"
    },
    "django": {
      "hashes": [
        "sha256:5c7d748ad113a81b2d44750ccc41edc14e933f56581683db548c9257e078cc83",
        "sha256:5fb37580dcf4a262f9258c1f4373819aacca906431f505e4688e37f3a99195df"
      ],
      "index": "pypi",
      "version": "==5.0.3"
    },
    "django-mail-auth": {
      "hashes": [
        "sha256:77069c9b3318babe559c2f845f529e6873955167b66af53f3782115d78da52b9",
        "sha256:9ee49c03c2c551d3634a4e9eceea79a236a4df538f56745dc4d73997280c6604"
      ],
      "index": "pypi",
      "version": "==3.2.2"
    },
    "gunicorn": {
      "hashes": [
        "sha256:3213aa5e8c24949e792bcacfc176fef362e7aac80b76c56f6b5122bf350722f0",
        "sha256:88ec8bff1d634f98e61b9f65bc4bf3cd918a90806c6f5c48bc5603849ec81033"
      ],
      "index": "pypi",
      "version": "==21.2.0"
    },
    "packaging": {
      "hashes": [
        "sha256:2ddfb553fdf02fb784c234c7ba6ccc288296ceabec964ad2eae3777778130bc5",
        "sha256:eb82c5e3e56209074766e6885bb04b8c38a0c015d0a30036ebe7ece34c9989e9"
      ],
      "markers": "python_version >= '3.7'",
      "version": "==24.0"
    },
    "python-decouple": {
      "hashes": [
        "sha256:ba6e2657d4f376ecc46f77a3a615e058d93ba5e465c01bbe57289bfb7cce680f",
        "sha256:d0d45340815b25f4de59c974b855bb38d03151d81b037d9e3f463b0c9f8cbd66"
      ],
      "index": "pypi",
      "version": "==3.8"
    },
    "sqlparse": {
      "hashes": [
        "sha256:5430a4fe2ac7d0f93e66f1efc6e1338a41884b7ddf2a350cedd20ccc4d9d28f3",
        "sha256:d446183e84b8349fa3061f0fe7f06ca94ba65b426946ffebe6e3e8295332420c"
      ],
      "markers": "python_version >= '3.5'",
      "version": "==0.4.4"
    }
  },
  "develop": {}
}
