{
  "_meta": {
    "hash": {
      "sha256": "e5e1459d92e65a653bf6563225490d85ccd083e2b21914d373ed22dea88a30ec"
    },
    "pipfile-spec": 6,
    "requires": {},
    "sources": [
      {
        "name": "pypi",
        "url": "https://pypi.org/simple",
        "verify_ssl": true
      }
    ]
  },
  "default": {
    "asgiref": {
      "hashes": [
        "sha256:3e1e3ecc849832fe52ccf2cb6686b7a55f82bb1d6aee72a58826471390335e47",
        "sha256:c343bd80a0bec947a9860adb4c432ffa7db769836c64238fc34bdc3fec84d590"
      ],
      "markers": "python_version >= '3.8'",
      "version": "==3.8.1"
    },
    "django": {
      "hashes": [
        "sha256:8363ac062bb4ef7c3f12d078f6fa5d154031d129a15170a1066412af49d30905",
        "sha256:ff1b61005004e476e0aeea47c7f79b85864c70124030e95146315396f1e7951f"
      ],
      "index": "pypi",
      "markers": "python_version >= '3.10'",
      "version": "==5.0.6"
    },
    "django-mail-auth": {
      "hashes": [
        "sha256:77069c9b3318babe559c2f845f529e6873955167b66af53f3782115d78da52b9",
        "sha256:9ee49c03c2c551d3634a4e9eceea79a236a4df538f56745dc4d73997280c6604"
      ],
      "index": "pypi",
      "markers": "python_version >= '3.9'",
      "version": "==3.2.2"
    },
    "gunicorn": {
      "hashes": [
        "sha256:350679f91b24062c86e386e198a15438d53a7a8207235a78ba1b53df4c4378d9",
        "sha256:4a0b436239ff76fb33f11c07a16482c521a7e09c1ce3cc293c2330afe01bec63"
      ],
      "index": "pypi",
      "markers": "python_version >= '3.7'",
      "version": "==22.0.0"
    },
    "packaging": {
      "hashes": [
        "sha256:2ddfb553fdf02fb784c234c7ba6ccc288296ceabec964ad2eae3777778130bc5",
        "sha256:eb82c5e3e56209074766e6885bb04b8c38a0c015d0a30036ebe7ece34c9989e9"
      ],
      "markers": "python_version >= '3.7'",
      "version": "==24.0"
    },
    "psycopg": {
      "hashes": [
        "sha256:92d7b78ad82426cdcf1a0440678209faa890c6e1721361c2f8901f0dccd62961",
        "sha256:dca5e5521c859f6606686432ae1c94e8766d29cc91f2ee595378c510cc5b0731"
      ],
      "index": "pypi",
      "markers": "python_version >= '3.7'",
      "version": "==3.1.19"
    },
    "psycopg2": {
      "hashes": [
        "sha256:121081ea2e76729acfb0673ff33755e8703d45e926e416cb59bae3a86c6a4981",
        "sha256:38a8dcc6856f569068b47de286b472b7c473ac7977243593a288ebce0dc89516",
        "sha256:426f9f29bde126913a20a96ff8ce7d73fd8a216cfb323b1f04da402d452853c3",
        "sha256:5e0d98cade4f0e0304d7d6f25bbfbc5bd186e07b38eac65379309c4ca3193efa",
        "sha256:7e2dacf8b009a1c1e843b5213a87f7c544b2b042476ed7755be813eaf4e8347a",
        "sha256:a7653d00b732afb6fc597e29c50ad28087dcb4fbfb28e86092277a559ae4e693",
        "sha256:ade01303ccf7ae12c356a5e10911c9e1c51136003a9a1d92f7aa9d010fb98372",
        "sha256:bac58c024c9922c23550af2a581998624d6e02350f4ae9c5f0bc642c633a2d5e",
        "sha256:c92811b2d4c9b6ea0285942b2e7cac98a59e166d59c588fe5cfe1eda58e72d59",
        "sha256:d1454bde93fb1e224166811694d600e746430c006fbb031ea06ecc2ea41bf156",
        "sha256:d735786acc7dd25815e89cc4ad529a43af779db2e25aa7c626de864127e5a024",
        "sha256:de80739447af31525feddeb8effd640782cf5998e1a4e9192ebdf829717e3913",
        "sha256:ff432630e510709564c01dafdbe996cb552e0b9f3f065eb89bdce5bd31fabf4c"
      ],
      "index": "pypi",
      "markers": "python_version >= '3.7'",
      "version": "==2.9.9"
    },
    "python-decouple": {
      "hashes": [
        "sha256:ba6e2657d4f376ecc46f77a3a615e058d93ba5e465c01bbe57289bfb7cce680f",
        "sha256:d0d45340815b25f4de59c974b855bb38d03151d81b037d9e3f463b0c9f8cbd66"
      ],
      "index": "pypi",
      "version": "==3.8"
    },
    "ruff": {
      "hashes": [
        "sha256:1169e47e9c4136c997f08f9857ae889d614c5035d87d38fda9b44b4338909cdf",
        "sha256:25f483ad9d50b00e7fd577f6d0305aa18494c6af139bce7319c68a17180087f4",
        "sha256:286eabd47e7d4d521d199cab84deca135557e6d1e0f0d01c29e757c3cb151b54",
        "sha256:441dab55c568e38d02bbda68a926a3d0b54f5510095c9de7f95e47a39e0168aa",
        "sha256:63fde3bf6f3ad4e990357af1d30e8ba2730860a954ea9282c95fc0846f5f64af",
        "sha256:6e1b139b45e2911419044237d90b60e472f57285950e1492c757dfc88259bb06",
        "sha256:755ac9ac2598a941512fc36a9070a13c88d72ff874a9781493eb237ab02d75df",
        "sha256:75a426506a183d9201e7e5664de3f6b414ad3850d7625764106f7b6d0486f0a1",
        "sha256:78e3ba4620dee27f76bbcad97067766026c918ba0f2d035c2fc25cbdd04d9c97",
        "sha256:84dd157474e16e3a82745d2afa1016c17d27cb5d52b12e3d45d418bcc6d49264",
        "sha256:8f58e615dec58b1a6b291769b559e12fdffb53cc4187160a2fc83250eaf54e96",
        "sha256:9d15de3425f53161b3f5a5658d4522e4eee5ea002bf2ac7aa380743dd9ad5fba",
        "sha256:a6f29a8221d2e3d85ff0c7b4371c0e37b39c87732c969b4d90f3dad2e721c5b1",
        "sha256:aed8166c18b1a169a5d3ec28a49b43340949e400665555b51ee06f22813ef062",
        "sha256:b0b03c619d2b4350b4a27e34fd2ac64d0dabe1afbf43de57d0f9d8a05ecffa45",
        "sha256:d6ef817124d72b54cc923f3444828ba24fa45c3164bc9e8f1813db2f3d3a8a11",
        "sha256:f4b02a65985be2b34b170025a8b92449088ce61e33e69956ce4d316c0fe7cce0"
      ],
      "index": "pypi",
      "markers": "python_version >= '3.7'",
      "version": "==0.4.5"
    },
    "sqlalchemy": {
      "hashes": [
        "sha256:0094c5dc698a5f78d3d1539853e8ecec02516b62b8223c970c86d44e7a80f6c7",
        "sha256:0138c5c16be3600923fa2169532205d18891b28afa817cb49b50e08f62198bb8",
        "sha256:0a089e218654e740a41388893e090d2e2c22c29028c9d1353feb38638820bbeb",
        "sha256:0b3f4c438e37d22b83e640f825ef0f37b95db9aa2d68203f2c9549375d0b2260",
        "sha256:16863e2b132b761891d6c49f0a0f70030e0bcac4fd208117f6b7e053e68668d0",
        "sha256:1f9a727312ff6ad5248a4367358e2cf7e625e98b1028b1d7ab7b806b7d757513",
        "sha256:2383146973a15435e4717f94c7509982770e3e54974c71f76500a0136f22810b",
        "sha256:2753743c2afd061bb95a61a51bbb6a1a11ac1c44292fad898f10c9839a7f75b2",
        "sha256:296230899df0b77dec4eb799bcea6fbe39a43707ce7bb166519c97b583cfcab3",
        "sha256:2a4f4da89c74435f2bc61878cd08f3646b699e7d2eba97144030d1be44e27584",
        "sha256:2b1708916730f4830bc69d6f49d37f7698b5bd7530aca7f04f785f8849e95255",
        "sha256:2ecabd9ccaa6e914e3dbb2aa46b76dede7eadc8cbf1b8083c94d936bcd5ffb49",
        "sha256:311710f9a2ee235f1403537b10c7687214bb1f2b9ebb52702c5aa4a77f0b3af7",
        "sha256:37a4b4fb0dd4d2669070fb05b8b8824afd0af57587393015baee1cf9890242d9",
        "sha256:3a365eda439b7a00732638f11072907c1bc8e351c7665e7e5da91b169af794af",
        "sha256:3b48154678e76445c7ded1896715ce05319f74b1e73cf82d4f8b59b46e9c0ddc",
        "sha256:3b69e934f0f2b677ec111b4d83f92dc1a3210a779f69bf905273192cf4ed433e",
        "sha256:3cb5a646930c5123f8461f6468901573f334c2c63c795b9af350063a736d0134",
        "sha256:408f8b0e2c04677e9c93f40eef3ab22f550fecb3011b187f66a096395ff3d9fd",
        "sha256:40ad017c672c00b9b663fcfcd5f0864a0a97828e2ee7ab0c140dc84058d194cf",
        "sha256:5a79d65395ac5e6b0c2890935bad892eabb911c4aa8e8015067ddb37eea3d56c",
        "sha256:5a8e3b0a7e09e94be7510d1661339d6b52daf202ed2f5b1f9f48ea34ee6f2d57",
        "sha256:69c9db1ce00e59e8dd09d7bae852a9add716efdc070a3e2068377e6ff0d6fdaa",
        "sha256:7108d569d3990c71e26a42f60474b4c02c8586c4681af5fd67e51a044fdea86a",
        "sha256:77d2edb1f54aff37e3318f611637171e8ec71472f1fdc7348b41dcb226f93d90",
        "sha256:7d74336c65705b986d12a7e337ba27ab2b9d819993851b140efdf029248e818e",
        "sha256:8409de825f2c3b62ab15788635ccaec0c881c3f12a8af2b12ae4910a0a9aeef6",
        "sha256:955991a09f0992c68a499791a753523f50f71a6885531568404fa0f231832aa0",
        "sha256:99650e9f4cf3ad0d409fed3eec4f071fadd032e9a5edc7270cd646a26446feeb",
        "sha256:9a5baf9267b752390252889f0c802ea13b52dfee5e369527da229189b8bd592e",
        "sha256:a0ef36b28534f2a5771191be6edb44cc2673c7b2edf6deac6562400288664221",
        "sha256:a1429a4b0f709f19ff3b0cf13675b2b9bfa8a7e79990003207a011c0db880a13",
        "sha256:a7bfc726d167f425d4c16269a9a10fe8630ff6d14b683d588044dcef2d0f6be7",
        "sha256:a943d297126c9230719c27fcbbeab57ecd5d15b0bd6bfd26e91bfcfe64220621",
        "sha256:ae8c62fe2480dd61c532ccafdbce9b29dacc126fe8be0d9a927ca3e699b9491a",
        "sha256:b60203c63e8f984df92035610c5fb76d941254cf5d19751faab7d33b21e5ddc0",
        "sha256:b6bf767d14b77f6a18b6982cbbf29d71bede087edae495d11ab358280f304d8e",
        "sha256:b6c7ec2b1f4969fc19b65b7059ed00497e25f54069407a8701091beb69e591a5",
        "sha256:bba002a9447b291548e8d66fd8c96a6a7ed4f2def0bb155f4f0a1309fd2735d5",
        "sha256:bc0c53579650a891f9b83fa3cecd4e00218e071d0ba00c4890f5be0c34887ed3",
        "sha256:c4f61ada6979223013d9ab83a3ed003ded6959eae37d0d685db2c147e9143797",
        "sha256:c62d401223f468eb4da32627bffc0c78ed516b03bb8a34a58be54d618b74d472",
        "sha256:e42203d8d20dc704604862977b1470a122e4892791fe3ed165f041e4bf447a1b",
        "sha256:edc16a50f5e1b7a06a2dcc1f2205b0b961074c123ed17ebda726f376a5ab0953",
        "sha256:efedba7e13aa9a6c8407c48facfdfa108a5a4128e35f4c68f20c3407e4376aa9",
        "sha256:f1dc3eabd8c0232ee8387fbe03e0a62220a6f089e278b1f0aaf5e2d6210741ad",
        "sha256:f69e4c756ee2686767eb80f94c0125c8b0a0b87ede03eacc5c8ae3b54b99dc46",
        "sha256:f7703c2010355dd28f53deb644a05fc30f796bd8598b43f0ba678878780b6e4c",
        "sha256:fa561138a64f949f3e889eb9ab8c58e1504ab351d6cf55259dc4c248eaa19da6"
      ],
      "index": "pypi",
      "markers": "python_version >= '3.7'",
      "version": "==2.0.30"
    },
    "sqlparse": {
      "hashes": [
        "sha256:714d0a4932c059d16189f58ef5411ec2287a4360f17cdd0edd2d09d4c5087c93",
        "sha256:c204494cd97479d0e39f28c93d46c0b2d5959c7b9ab904762ea6c7af211c8663"
      ],
      "markers": "python_version >= '3.8'",
      "version": "==0.5.0"
    },
    "typing-extensions": {
      "hashes": [
        "sha256:83f085bd5ca59c80295fc2a82ab5dac679cbe02b9f33f7d83af68e241bea51b0",
        "sha256:c1f94d72897edaf4ce775bb7558d5b79d8126906a14ea5ed1635921406c0387a"
      ],
      "markers": "python_version >= '3.8'",
      "version": "==4.11.0"
    }
  },
  "develop": {}
}
