{
  "_meta": {
    "hash": {
      "sha256": "8c367282b8bbbf74d83215b81c51d0c626f3b3c6da33838afc87a16c7582205c"
    },
    "pipfile-spec": 6,
    "requires": {},
    "sources": [
      {
        "name": "pypi",
        "url": "https://pypi.org/simple",
        "verify_ssl": true
      }
    ]
  },
  "default": {
    "asgiref": {
      "hashes": [
        "sha256:3e1e3ecc849832fe52ccf2cb6686b7a55f82bb1d6aee72a58826471390335e47",
        "sha256:c343bd80a0bec947a9860adb4c432ffa7db769836c64238fc34bdc3fec84d590"
      ],
      "markers": "python_version >= '3.8'",
      "version": "==3.8.1"
    },
    "django": {
      "hashes": [
        "sha256:4bd01a8c830bb77a8a3b0e7d8b25b887e536ad17a81ba2dce5476135c73312bd",
        "sha256:916423499d75d62da7aa038d19aef23d23498d8df229775eb0a6309ee1013775"
      ],
      "index": "pypi",
      "markers": "python_version >= '3.10'",
      "version": "==5.0.4"
    },
    "django-mail-auth": {
      "hashes": [
        "sha256:77069c9b3318babe559c2f845f529e6873955167b66af53f3782115d78da52b9",
        "sha256:9ee49c03c2c551d3634a4e9eceea79a236a4df538f56745dc4d73997280c6604"
      ],
      "index": "pypi",
      "markers": "python_version >= '3.9'",
      "version": "==3.2.2"
    },
    "gunicorn": {
      "hashes": [
        "sha256:3213aa5e8c24949e792bcacfc176fef362e7aac80b76c56f6b5122bf350722f0",
        "sha256:88ec8bff1d634f98e61b9f65bc4bf3cd918a90806c6f5c48bc5603849ec81033"
      ],
      "index": "pypi",
      "markers": "python_version >= '3.5'",
      "version": "==21.2.0"
    },
    "packaging": {
      "hashes": [
        "sha256:2ddfb553fdf02fb784c234c7ba6ccc288296ceabec964ad2eae3777778130bc5",
        "sha256:eb82c5e3e56209074766e6885bb04b8c38a0c015d0a30036ebe7ece34c9989e9"
      ],
      "markers": "python_version >= '3.7'",
      "version": "==24.0"
    },
    "python-decouple": {
      "hashes": [
        "sha256:ba6e2657d4f376ecc46f77a3a615e058d93ba5e465c01bbe57289bfb7cce680f",
        "sha256:d0d45340815b25f4de59c974b855bb38d03151d81b037d9e3f463b0c9f8cbd66"
      ],
      "index": "pypi",
      "version": "==3.8"
    },
    "sqlparse": {
      "hashes": [
        "sha256:5430a4fe2ac7d0f93e66f1efc6e1338a41884b7ddf2a350cedd20ccc4d9d28f3",
        "sha256:d446183e84b8349fa3061f0fe7f06ca94ba65b426946ffebe6e3e8295332420c"
      ],
      "markers": "python_version >= '3.5'",
      "version": "==0.4.4"
    }
  },
  "develop": {}
}
